
Microsoft Visual Studio Solution File, Format Version 12.00
# Visual Studio Version 17
VisualStudioVersion = 17.2.32616.157
MinimumVisualStudioVersion = 10.0.40219.1
Project("{FAE04EC0-301F-11D3-BF4B-00C04F79EFBC}") = "src", "src\Benchmarks.csproj", "{208C41D0-F0B6-4DA2-B1EF-FEDB250373E2}"
EndProject
Global
	GlobalSection(SolutionConfigurationPlatforms) = preSolution
		Debug|Any CPU = Debug|Any CPU
		Release|Any CPU = Release|Any CPU
	EndGlobalSection
	GlobalSection(ProjectConfigurationPlatforms) = postSolution
		{208C41D0-F0B6-4DA2-B1EF-FEDB250373E2}.Debug|Any CPU.ActiveCfg = Debug|Any CPU
		{208C41D0-F0B6-4DA2-B1EF-FEDB250373E2}.Debug|Any CPU.Build.0 = Debug|Any CPU
		{208C41D0-F0B6-4DA2-B1EF-FEDB250373E2}.Release|Any CPU.ActiveCfg = Release|Any CPU
		{208C41D0-F0B6-4DA2-B1EF-FEDB250373E2}.Release|Any CPU.Build.0 = Release|Any CPU
	EndGlobalSection
	GlobalSection(SolutionProperties) = preSolution
		HideSolutionNode = FALSE
	EndGlobalSection
	GlobalSection(ExtensibilityGlobals) = postSolution
		SolutionGuid = {DF8CE0BE-CB58-41D9-9D76-3E309D8D5A6D}
	EndGlobalSection
EndGlobal
